
Microsoft Visual Studio Solution File, Format Version 12.00
# Visual Studio Version 16
VisualStudioVersion = 16.0.29709.97
MinimumVisualStudioVersion = 10.0.40219.1
Project("{9A19103F-16F7-4668-BE54-9A1E7A4F7556}") = "IniUtils", "IniUtils\IniUtils.csproj", "{A2C7B767-BF31-444E-BBED-FC39F5EF3087}"
EndProject
Project("{FAE04EC0-301F-11D3-BF4B-00C04F79EFBC}") = "IniUtilsTest", "IniUtilsTest\IniUtilsTest.csproj", "{7F6C88A4-02CE-4150-ABE0-57A59BC76697}"
EndProject
Global
	GlobalSection(SolutionConfigurationPlatforms) = preSolution
		Debug|Any CPU = Debug|Any CPU
		Release|Any CPU = Release|Any CPU
	EndGlobalSection
	GlobalSection(ProjectConfigurationPlatforms) = postSolution
		{A2C7B767-BF31-444E-BBED-FC39F5EF3087}.Debug|Any CPU.ActiveCfg = Debug|Any CPU
		{A2C7B767-BF31-444E-BBED-FC39F5EF3087}.Debug|Any CPU.Build.0 = Debug|Any CPU
		{A2C7B767-BF31-444E-BBED-FC39F5EF3087}.Release|Any CPU.ActiveCfg = Release|Any CPU
		{A2C7B767-BF31-444E-BBED-FC39F5EF3087}.Release|Any CPU.Build.0 = Release|Any CPU
		{7F6C88A4-02CE-4150-ABE0-57A59BC76697}.Debug|Any CPU.ActiveCfg = Debug|Any CPU
		{7F6C88A4-02CE-4150-ABE0-57A59BC76697}.Debug|Any CPU.Build.0 = Debug|Any CPU
		{7F6C88A4-02CE-4150-ABE0-57A59BC76697}.Release|Any CPU.ActiveCfg = Release|Any CPU
		{7F6C88A4-02CE-4150-ABE0-57A59BC76697}.Release|Any CPU.Build.0 = Release|Any CPU
	EndGlobalSection
	GlobalSection(SolutionProperties) = preSolution
		HideSolutionNode = FALSE
	EndGlobalSection
	GlobalSection(ExtensibilityGlobals) = postSolution
		SolutionGuid = {810EA26F-821A-46ED-B0E9-0D0DBFC03F2F}
	EndGlobalSection
EndGlobal
